
Microsoft Visual Studio Solution File, Format Version 12.00
# Visual Studio 15
VisualStudioVersion = 15.0.26124.0
MinimumVisualStudioVersion = 15.0.26124.0
Project("{FAE04EC0-301F-11D3-BF4B-00C04F79EFBC}") = "ProjectAPI", "ProjectAPI\ProjectAPI.csproj", "{4AAC73EE-CA90-4A23-B3FF-7DDE5F7C0F58}"
EndProject
Project("{FAE04EC0-301F-11D3-BF4B-00C04F79EFBC}") = "Project.Data", "Project.Data\Project.Data.csproj", "{26E43C50-2FBE-4D0C-947E-20C98D7C24E8}"
EndProject
Project("{FAE04EC0-301F-11D3-BF4B-00C04F79EFBC}") = "Project.Model", "Project.Model\Project.Model.csproj", "{34B344BB-A311-4905-BC50-9E9AF19823F4}"
EndProject
Project("{FAE04EC0-301F-11D3-BF4B-00C04F79EFBC}") = "Project.Service", "Project.Service\Project.Service.csproj", "{784D3992-1BA1-4D9F-B6C0-451F4B54607C}"
EndProject
Global
	GlobalSection(SolutionConfigurationPlatforms) = preSolution
		Debug|Any CPU = Debug|Any CPU
		Debug|x64 = Debug|x64
		Debug|x86 = Debug|x86
		Release|Any CPU = Release|Any CPU
		Release|x64 = Release|x64
		Release|x86 = Release|x86
	EndGlobalSection
	GlobalSection(SolutionProperties) = preSolution
		HideSolutionNode = FALSE
	EndGlobalSection
	GlobalSection(ProjectConfigurationPlatforms) = postSolution
		{4AAC73EE-CA90-4A23-B3FF-7DDE5F7C0F58}.Debug|Any CPU.ActiveCfg = Debug|Any CPU
		{4AAC73EE-CA90-4A23-B3FF-7DDE5F7C0F58}.Debug|Any CPU.Build.0 = Debug|Any CPU
		{4AAC73EE-CA90-4A23-B3FF-7DDE5F7C0F58}.Debug|x64.ActiveCfg = Debug|x64
		{4AAC73EE-CA90-4A23-B3FF-7DDE5F7C0F58}.Debug|x64.Build.0 = Debug|x64
		{4AAC73EE-CA90-4A23-B3FF-7DDE5F7C0F58}.Debug|x86.ActiveCfg = Debug|x86
		{4AAC73EE-CA90-4A23-B3FF-7DDE5F7C0F58}.Debug|x86.Build.0 = Debug|x86
		{4AAC73EE-CA90-4A23-B3FF-7DDE5F7C0F58}.Release|Any CPU.ActiveCfg = Release|Any CPU
		{4AAC73EE-CA90-4A23-B3FF-7DDE5F7C0F58}.Release|Any CPU.Build.0 = Release|Any CPU
		{4AAC73EE-CA90-4A23-B3FF-7DDE5F7C0F58}.Release|x64.ActiveCfg = Release|x64
		{4AAC73EE-CA90-4A23-B3FF-7DDE5F7C0F58}.Release|x64.Build.0 = Release|x64
		{4AAC73EE-CA90-4A23-B3FF-7DDE5F7C0F58}.Release|x86.ActiveCfg = Release|x86
		{4AAC73EE-CA90-4A23-B3FF-7DDE5F7C0F58}.Release|x86.Build.0 = Release|x86
		{26E43C50-2FBE-4D0C-947E-20C98D7C24E8}.Debug|Any CPU.ActiveCfg = Debug|Any CPU
		{26E43C50-2FBE-4D0C-947E-20C98D7C24E8}.Debug|Any CPU.Build.0 = Debug|Any CPU
		{26E43C50-2FBE-4D0C-947E-20C98D7C24E8}.Debug|x64.ActiveCfg = Debug|x64
		{26E43C50-2FBE-4D0C-947E-20C98D7C24E8}.Debug|x64.Build.0 = Debug|x64
		{26E43C50-2FBE-4D0C-947E-20C98D7C24E8}.Debug|x86.ActiveCfg = Debug|x86
		{26E43C50-2FBE-4D0C-947E-20C98D7C24E8}.Debug|x86.Build.0 = Debug|x86
		{26E43C50-2FBE-4D0C-947E-20C98D7C24E8}.Release|Any CPU.ActiveCfg = Release|Any CPU
		{26E43C50-2FBE-4D0C-947E-20C98D7C24E8}.Release|Any CPU.Build.0 = Release|Any CPU
		{26E43C50-2FBE-4D0C-947E-20C98D7C24E8}.Release|x64.ActiveCfg = Release|x64
		{26E43C50-2FBE-4D0C-947E-20C98D7C24E8}.Release|x64.Build.0 = Release|x64
		{26E43C50-2FBE-4D0C-947E-20C98D7C24E8}.Release|x86.ActiveCfg = Release|x86
		{26E43C50-2FBE-4D0C-947E-20C98D7C24E8}.Release|x86.Build.0 = Release|x86
		{34B344BB-A311-4905-BC50-9E9AF19823F4}.Debug|Any CPU.ActiveCfg = Debug|Any CPU
		{34B344BB-A311-4905-BC50-9E9AF19823F4}.Debug|Any CPU.Build.0 = Debug|Any CPU
		{34B344BB-A311-4905-BC50-9E9AF19823F4}.Debug|x64.ActiveCfg = Debug|x64
		{34B344BB-A311-4905-BC50-9E9AF19823F4}.Debug|x64.Build.0 = Debug|x64
		{34B344BB-A311-4905-BC50-9E9AF19823F4}.Debug|x86.ActiveCfg = Debug|x86
		{34B344BB-A311-4905-BC50-9E9AF19823F4}.Debug|x86.Build.0 = Debug|x86
		{34B344BB-A311-4905-BC50-9E9AF19823F4}.Release|Any CPU.ActiveCfg = Release|Any CPU
		{34B344BB-A311-4905-BC50-9E9AF19823F4}.Release|Any CPU.Build.0 = Release|Any CPU
		{34B344BB-A311-4905-BC50-9E9AF19823F4}.Release|x64.ActiveCfg = Release|x64
		{34B344BB-A311-4905-BC50-9E9AF19823F4}.Release|x64.Build.0 = Release|x64
		{34B344BB-A311-4905-BC50-9E9AF19823F4}.Release|x86.ActiveCfg = Release|x86
		{34B344BB-A311-4905-BC50-9E9AF19823F4}.Release|x86.Build.0 = Release|x86
		{784D3992-1BA1-4D9F-B6C0-451F4B54607C}.Debug|Any CPU.ActiveCfg = Debug|Any CPU
		{784D3992-1BA1-4D9F-B6C0-451F4B54607C}.Debug|Any CPU.Build.0 = Debug|Any CPU
		{784D3992-1BA1-4D9F-B6C0-451F4B54607C}.Debug|x64.ActiveCfg = Debug|x64
		{784D3992-1BA1-4D9F-B6C0-451F4B54607C}.Debug|x64.Build.0 = Debug|x64
		{784D3992-1BA1-4D9F-B6C0-451F4B54607C}.Debug|x86.ActiveCfg = Debug|x86
		{784D3992-1BA1-4D9F-B6C0-451F4B54607C}.Debug|x86.Build.0 = Debug|x86
		{784D3992-1BA1-4D9F-B6C0-451F4B54607C}.Release|Any CPU.ActiveCfg = Release|Any CPU
		{784D3992-1BA1-4D9F-B6C0-451F4B54607C}.Release|Any CPU.Build.0 = Release|Any CPU
		{784D3992-1BA1-4D9F-B6C0-451F4B54607C}.Release|x64.ActiveCfg = Release|x64
		{784D3992-1BA1-4D9F-B6C0-451F4B54607C}.Release|x64.Build.0 = Release|x64
		{784D3992-1BA1-4D9F-B6C0-451F4B54607C}.Release|x86.ActiveCfg = Release|x86
		{784D3992-1BA1-4D9F-B6C0-451F4B54607C}.Release|x86.Build.0 = Release|x86
	EndGlobalSection
EndGlobal
